
Microsoft Visual Studio Solution File, Format Version 12.00
# Visual Studio 15
VisualStudioVersion = 15.0.28307.1145
MinimumVisualStudioVersion = 10.0.40219.1
Project("{8BC9CEB8-8B4A-11D0-8D11-00A0C91BC942}") = "kurs_project", "kurs_project\kurs_project.vcxproj", "{A91CC100-48C6-4246-BB9E-58EAD5059133}"
EndProject
Global
	GlobalSection(SolutionConfigurationPlatforms) = preSolution
		Debug|x64 = Debug|x64
		Debug|x86 = Debug|x86
		Release|x64 = Release|x64
		Release|x86 = Release|x86
	EndGlobalSection
	GlobalSection(ProjectConfigurationPlatforms) = postSolution
		{A91CC100-48C6-4246-BB9E-58EAD5059133}.Debug|x64.ActiveCfg = Debug|x64
		{A91CC100-48C6-4246-BB9E-58EAD5059133}.Debug|x64.Build.0 = Debug|x64
		{A91CC100-48C6-4246-BB9E-58EAD5059133}.Debug|x86.ActiveCfg = Debug|Win32
		{A91CC100-48C6-4246-BB9E-58EAD5059133}.Debug|x86.Build.0 = Debug|Win32
		{A91CC100-48C6-4246-BB9E-58EAD5059133}.Release|x64.ActiveCfg = Release|x64
		{A91CC100-48C6-4246-BB9E-58EAD5059133}.Release|x64.Build.0 = Release|x64
		{A91CC100-48C6-4246-BB9E-58EAD5059133}.Release|x86.ActiveCfg = Release|Win32
		{A91CC100-48C6-4246-BB9E-58EAD5059133}.Release|x86.Build.0 = Release|Win32
	EndGlobalSection
	GlobalSection(SolutionProperties) = preSolution
		HideSolutionNode = FALSE
	EndGlobalSection
	GlobalSection(ExtensibilityGlobals) = postSolution
		SolutionGuid = {49A5FE43-63A2-4C07-9ABE-C9B7E26F34C8}
	EndGlobalSection
EndGlobal
